
Microsoft Visual Studio Solution File, Format Version 12.00
# Visual Studio Version 16
VisualStudioVersion = 16.0.29209.62
MinimumVisualStudioVersion = 10.0.40219.1
Project("{9A19103F-16F7-4668-BE54-9A1E7A4F7556}") = "netcore-project", "netcore-project.csproj", "{A84258B2-3AD6-426B-93C9-FF31F3B40318}"
EndProject
Global
	GlobalSection(SolutionConfigurationPlatforms) = preSolution
		Debug|Any CPU = Debug|Any CPU
		Release|Any CPU = Release|Any CPU
	EndGlobalSection
	GlobalSection(ProjectConfigurationPlatforms) = postSolution
		{A84258B2-3AD6-426B-93C9-FF31F3B40318}.Debug|Any CPU.ActiveCfg = Debug|Any CPU
		{A84258B2-3AD6-426B-93C9-FF31F3B40318}.Debug|Any CPU.Build.0 = Debug|Any CPU
		{A84258B2-3AD6-426B-93C9-FF31F3B40318}.Release|Any CPU.ActiveCfg = Release|Any CPU
		{A84258B2-3AD6-426B-93C9-FF31F3B40318}.Release|Any CPU.Build.0 = Release|Any CPU
	EndGlobalSection
	GlobalSection(SolutionProperties) = preSolution
		HideSolutionNode = FALSE
	EndGlobalSection
	GlobalSection(ExtensibilityGlobals) = postSolution
		SolutionGuid = {0849B2A5-8AD2-42D8-B3DC-657A7BD7058B}
	EndGlobalSection
EndGlobal
